
Microsoft Visual Studio Solution File, Format Version 12.00
# Visual Studio Version 17
VisualStudioVersion = 17.9.34616.47
MinimumVisualStudioVersion = 10.0.40219.1
Project("{FAE04EC0-301F-11D3-BF4B-00C04F79EFBC}") = "zad4dasya.Android", "zad4dasya.Android\zad4dasya.Android.csproj", "{CC277487-8962-4CD0-851C-17732076A585}"
EndProject
Project("{FAE04EC0-301F-11D3-BF4B-00C04F79EFBC}") = "zad4dasya", "zad4dasya\zad4dasya.csproj", "{970D02BB-FCBC-4AEB-BCDC-823B2F563F2C}"
EndProject
Global
	GlobalSection(SolutionConfigurationPlatforms) = preSolution
		Debug|Any CPU = Debug|Any CPU
		Release|Any CPU = Release|Any CPU
	EndGlobalSection
	GlobalSection(ProjectConfigurationPlatforms) = postSolution
		{CC277487-8962-4CD0-851C-17732076A585}.Debug|Any CPU.ActiveCfg = Debug|Any CPU
		{CC277487-8962-4CD0-851C-17732076A585}.Debug|Any CPU.Build.0 = Debug|Any CPU
		{CC277487-8962-4CD0-851C-17732076A585}.Debug|Any CPU.Deploy.0 = Debug|Any CPU
		{CC277487-8962-4CD0-851C-17732076A585}.Release|Any CPU.ActiveCfg = Release|Any CPU
		{CC277487-8962-4CD0-851C-17732076A585}.Release|Any CPU.Build.0 = Release|Any CPU
		{CC277487-8962-4CD0-851C-17732076A585}.Release|Any CPU.Deploy.0 = Release|Any CPU
		{970D02BB-FCBC-4AEB-BCDC-823B2F563F2C}.Debug|Any CPU.ActiveCfg = Debug|Any CPU
		{970D02BB-FCBC-4AEB-BCDC-823B2F563F2C}.Debug|Any CPU.Build.0 = Debug|Any CPU
		{970D02BB-FCBC-4AEB-BCDC-823B2F563F2C}.Debug|Any CPU.Deploy.0 = Debug|Any CPU
		{970D02BB-FCBC-4AEB-BCDC-823B2F563F2C}.Release|Any CPU.ActiveCfg = Release|Any CPU
		{970D02BB-FCBC-4AEB-BCDC-823B2F563F2C}.Release|Any CPU.Build.0 = Release|Any CPU
		{970D02BB-FCBC-4AEB-BCDC-823B2F563F2C}.Release|Any CPU.Deploy.0 = Release|Any CPU
	EndGlobalSection
	GlobalSection(SolutionProperties) = preSolution
		HideSolutionNode = FALSE
	EndGlobalSection
	GlobalSection(ExtensibilityGlobals) = postSolution
		SolutionGuid = {2CAEC2F4-C962-43CF-A15C-191AC535A883}
	EndGlobalSection
EndGlobal
